PODS:
  - CocoaLumberjack (2.0.0):
    - CocoaLumberjack/Default (= 2.0.0)
    - CocoaLumberjack/Extensions (= 2.0.0)
  - CocoaLumberjack/Core (2.0.0)
  - CocoaLumberjack/Default (2.0.0):
    - CocoaLumberjack/Core
  - CocoaLumberjack/Extensions (2.0.0):
    - CocoaLumberjack/Default
  - NSLogger (1.5.1):
    - NSLogger/Standard (= 1.5.1)
  - NSLogger/Standard (1.5.1)
  - PLCrashReporter (1.2.0)
  - SSZipArchive (0.3.2)

DEPENDENCIES:
  - CocoaLumberjack
  - NSLogger
  - PLCrashReporter
  - SSZipArchive

SPEC CHECKSUMS:
  CocoaLumberjack: a6f77d987d65dc7ba86b0f84db7d0b9084f77bcb
  NSLogger: 5ed223a2436df96244e033be750656dacdeec034
  PLCrashReporter: 16927d86a093d0b9cf110545dacb77cb0ed0f243
  SSZipArchive: 11801759495fa4efb7512ef652eb0042d68305d7

COCOAPODS: 0.36.3
