// !$*UTF8*$!
{
	archiveVersion = 1;
	classes = {
	};
	objectVersion = 46;
	objects = {

/* Begin PBXBuildFile section */
		24880C303C037ED0A9732BBC /* libPods-test.a in Frameworks */ = {isa = PBXBuildFile; fileRef = 476CFDB7F768C7F865D7CDDA /* libPods-test.a */; };
		40398F7B16FAE088004F0BD7 /* NCCWLFormatter.m in Sources */ = {isa = PBXBuildFile; fileRef = 40398F7616FAE088004F0BD7 /* NCCWLFormatter.m */; };
		40398F7C16FAE088004F0BD7 /* NCCWLLogger.m in Sources */ = {isa = PBXBuildFile; fileRef = 40398F7816FAE088004F0BD7 /* NCCWLLogger.m */; };
		40398F7D16FAE088004F0BD7 /* NCCWL.m in Sources */ = {isa = PBXBuildFile; fileRef = 40398F7A16FAE088004F0BD7 /* NCCWL.m */; };
		4057A09A16EF2EE50017628E /* UIKit.framework in Frameworks */ = {isa = PBXBuildFile; fileRef = 4057A09916EF2EE50017628E /* UIKit.framework */; };
		4057A09C16EF2EE50017628E /* Foundation.framework in Frameworks */ = {isa = PBXBuildFile; fileRef = 4057A09B16EF2EE50017628E /* Foundation.framework */; };
		4057A09E16EF2EE50017628E /* CoreGraphics.framework in Frameworks */ = {isa = PBXBuildFile; fileRef = 4057A09D16EF2EE50017628E /* CoreGraphics.framework */; };
		4057A0A416EF2EE50017628E /* InfoPlist.strings in Resources */ = {isa = PBXBuildFile; fileRef = 4057A0A216EF2EE50017628E /* InfoPlist.strings */; };
		4057A0A616EF2EE50017628E /* main.m in Sources */ = {isa = PBXBuildFile; fileRef = 4057A0A516EF2EE50017628E /* main.m */; };
		4057A0AA16EF2EE50017628E /* AppDelegate.m in Sources */ = {isa = PBXBuildFile; fileRef = 4057A0A916EF2EE50017628E /* AppDelegate.m */; };
		4057A0AC16EF2EE50017628E /* Default.png in Resources */ = {isa = PBXBuildFile; fileRef = 4057A0AB16EF2EE50017628E /* Default.png */; };
		4057A0AE16EF2EE50017628E /* Default@2x.png in Resources */ = {isa = PBXBuildFile; fileRef = 4057A0AD16EF2EE50017628E /* Default@2x.png */; };
		4057A0B016EF2EE50017628E /* Default-568h@2x.png in Resources */ = {isa = PBXBuildFile; fileRef = 4057A0AF16EF2EE50017628E /* Default-568h@2x.png */; };
		4057A0B316EF2EE50017628E /* ViewController.m in Sources */ = {isa = PBXBuildFile; fileRef = 4057A0B216EF2EE50017628E /* ViewController.m */; };
		4057A0B616EF2EE50017628E /* ViewController.xib in Resources */ = {isa = PBXBuildFile; fileRef = 4057A0B416EF2EE50017628E /* ViewController.xib */; };
/* End PBXBuildFile section */

/* Begin PBXFileReference section */
		266E7469288D957994273728 /* Pods-test.debug.xcconfig */ = {isa = PBXFileReference; includeInIndex = 1; lastKnownFileType = text.xcconfig; name = "Pods-test.debug.xcconfig"; path = "Pods/Target Support Files/Pods-test/Pods-test.debug.xcconfig"; sourceTree = "<group>"; };
		40398F7516FAE088004F0BD7 /* NCCWLFormatter.h */ = {isa = PBXFileReference; fileEncoding = 4; lastKnownFileType = sourcecode.c.h; name = NCCWLFormatter.h; path = ../../NCCWL/NCCWLFormatter.h; sourceTree = "<group>"; };
		40398F7616FAE088004F0BD7 /* NCCWLFormatter.m */ = {isa = PBXFileReference; fileEncoding = 4; lastKnownFileType = sourcecode.c.objc; name = NCCWLFormatter.m; path = ../../NCCWL/NCCWLFormatter.m; sourceTree = "<group>"; };
		40398F7716FAE088004F0BD7 /* NCCWLLogger.h */ = {isa = PBXFileReference; fileEncoding = 4; lastKnownFileType = sourcecode.c.h; name = NCCWLLogger.h; path = ../../NCCWL/NCCWLLogger.h; sourceTree = "<group>"; };
		40398F7816FAE088004F0BD7 /* NCCWLLogger.m */ = {isa = PBXFileReference; fileEncoding = 4; lastKnownFileType = sourcecode.c.objc; name = NCCWLLogger.m; path = ../../NCCWL/NCCWLLogger.m; sourceTree = "<group>"; };
		40398F7916FAE088004F0BD7 /* NCCWL.h */ = {isa = PBXFileReference; fileEncoding = 4; lastKnownFileType = sourcecode.c.h; name = NCCWL.h; path = ../../NCCWL/NCCWL.h; sourceTree = "<group>"; };
		40398F7A16FAE088004F0BD7 /* NCCWL.m */ = {isa = PBXFileReference; fileEncoding = 4; lastKnownFileType = sourcecode.c.objc; name = NCCWL.m; path = ../../NCCWL/NCCWL.m; sourceTree = "<group>"; };
		4057A09616EF2EE50017628E /* test.app */ = {isa = PBXFileReference; explicitFileType = wrapper.application; includeInIndex = 0; path = test.app; sourceTree = BUILT_PRODUCTS_DIR; };
		4057A09916EF2EE50017628E /* UIKit.framework */ = {isa = PBXFileReference; lastKnownFileType = wrapper.framework; name = UIKit.framework; path = System/Library/Frameworks/UIKit.framework; sourceTree = SDKROOT; };
		4057A09B16EF2EE50017628E /* Foundation.framework */ = {isa = PBXFileReference; lastKnownFileType = wrapper.framework; name = Foundation.framework; path = System/Library/Frameworks/Foundation.framework; sourceTree = SDKROOT; };
		4057A09D16EF2EE50017628E /* CoreGraphics.framework */ = {isa = PBXFileReference; lastKnownFileType = wrapper.framework; name = CoreGraphics.framework; path = System/Library/Frameworks/CoreGraphics.framework; sourceTree = SDKROOT; };
		4057A0A116EF2EE50017628E /* test-Info.plist */ = {isa = PBXFileReference; lastKnownFileType = text.plist.xml; path = "test-Info.plist"; sourceTree = "<group>"; };
		4057A0A316EF2EE50017628E /* en */ = {isa = PBXFileReference; lastKnownFileType = text.plist.strings; name = en; path = en.lproj/InfoPlist.strings; sourceTree = "<group>"; };
		4057A0A516EF2EE50017628E /* main.m */ = {isa = PBXFileReference; lastKnownFileType = sourcecode.c.objc; path = main.m; sourceTree = "<group>"; };
		4057A0A716EF2EE50017628E /* test-Prefix.pch */ = {isa = PBXFileReference; lastKnownFileType = sourcecode.c.h; path = "test-Prefix.pch"; sourceTree = "<group>"; };
		4057A0A816EF2EE50017628E /* AppDelegate.h */ = {isa = PBXFileReference; lastKnownFileType = sourcecode.c.h; path = AppDelegate.h; sourceTree = "<group>"; };
		4057A0A916EF2EE50017628E /* AppDelegate.m */ = {isa = PBXFileReference; lastKnownFileType = sourcecode.c.objc; path = AppDelegate.m; sourceTree = "<group>"; };
		4057A0AB16EF2EE50017628E /* Default.png */ = {isa = PBXFileReference; lastKnownFileType = image.png; path = Default.png; sourceTree = "<group>"; };
		4057A0AD16EF2EE50017628E /* Default@2x.png */ = {isa = PBXFileReference; lastKnownFileType = image.png; path = "Default@2x.png"; sourceTree = "<group>"; };
		4057A0AF16EF2EE50017628E /* Default-568h@2x.png */ = {isa = PBXFileReference; lastKnownFileType = image.png; path = "Default-568h@2x.png"; sourceTree = "<group>"; };
		4057A0B116EF2EE50017628E /* ViewController.h */ = {isa = PBXFileReference; lastKnownFileType = sourcecode.c.h; path = ViewController.h; sourceTree = "<group>"; };
		4057A0B216EF2EE50017628E /* ViewController.m */ = {isa = PBXFileReference; lastKnownFileType = sourcecode.c.objc; path = ViewController.m; sourceTree = "<group>"; };
		4057A0B516EF2EE50017628E /* en */ = {isa = PBXFileReference; lastKnownFileType = file.xib; name = en; path = en.lproj/ViewController.xib; sourceTree = "<group>"; };
		476CFDB7F768C7F865D7CDDA /* libPods-test.a */ = {isa = PBXFileReference; explicitFileType = archive.ar; includeInIndex = 0; path = "libPods-test.a"; sourceTree = BUILT_PRODUCTS_DIR; };
		B7EDE4D220AD05B3E0A2BBBD /* Pods-test.release.xcconfig */ = {isa = PBXFileReference; includeInIndex = 1; lastKnownFileType = text.xcconfig; name = "Pods-test.release.xcconfig"; path = "Pods/Target Support Files/Pods-test/Pods-test.release.xcconfig"; sourceTree = "<group>"; };
/* End PBXFileReference section */

/* Begin PBXFrameworksBuildPhase section */
		4057A09316EF2EE50017628E /* Frameworks */ = {
			isa = PBXFrameworksBuildPhase;
			buildActionMask = 2147483647;
			files = (
				4057A09A16EF2EE50017628E /* UIKit.framework in Frameworks */,
				4057A09C16EF2EE50017628E /* Foundation.framework in Frameworks */,
				4057A09E16EF2EE50017628E /* CoreGraphics.framework in Frameworks */,
				24880C303C037ED0A9732BBC /* libPods-test.a in Frameworks */,
			);
			runOnlyForDeploymentPostprocessing = 0;
		};
/* End PBXFrameworksBuildPhase section */

/* Begin PBXGroup section */
		4057A08D16EF2EE50017628E = {
			isa = PBXGroup;
			children = (
				4057A09F16EF2EE50017628E /* test */,
				4057A09816EF2EE50017628E /* Frameworks */,
				4057A09716EF2EE50017628E /* Products */,
				8D07A7A750E61D4217C75890 /* Pods */,
			);
			sourceTree = "<group>";
		};
		4057A09716EF2EE50017628E /* Products */ = {
			isa = PBXGroup;
			children = (
				4057A09616EF2EE50017628E /* test.app */,
			);
			name = Products;
			sourceTree = "<group>";
		};
		4057A09816EF2EE50017628E /* Frameworks */ = {
			isa = PBXGroup;
			children = (
				4057A09916EF2EE50017628E /* UIKit.framework */,
				4057A09B16EF2EE50017628E /* Foundation.framework */,
				4057A09D16EF2EE50017628E /* CoreGraphics.framework */,
				476CFDB7F768C7F865D7CDDA /* libPods-test.a */,
			);
			name = Frameworks;
			sourceTree = "<group>";
		};
		4057A09F16EF2EE50017628E /* test */ = {
			isa = PBXGroup;
			children = (
				40D2102016F1C5AC00B4DE03 /* NCCWL */,
				4057A0A816EF2EE50017628E /* AppDelegate.h */,
				4057A0A916EF2EE50017628E /* AppDelegate.m */,
				4057A0B116EF2EE50017628E /* ViewController.h */,
				4057A0B216EF2EE50017628E /* ViewController.m */,
				4057A0B416EF2EE50017628E /* ViewController.xib */,
				4057A0A016EF2EE50017628E /* Supporting Files */,
			);
			path = test;
			sourceTree = "<group>";
		};
		4057A0A016EF2EE50017628E /* Supporting Files */ = {
			isa = PBXGroup;
			children = (
				4057A0A116EF2EE50017628E /* test-Info.plist */,
				4057A0A216EF2EE50017628E /* InfoPlist.strings */,
				4057A0A516EF2EE50017628E /* main.m */,
				4057A0A716EF2EE50017628E /* test-Prefix.pch */,
				4057A0AB16EF2EE50017628E /* Default.png */,
				4057A0AD16EF2EE50017628E /* Default@2x.png */,
				4057A0AF16EF2EE50017628E /* Default-568h@2x.png */,
			);
			name = "Supporting Files";
			sourceTree = "<group>";
		};
		40D2102016F1C5AC00B4DE03 /* NCCWL */ = {
			isa = PBXGroup;
			children = (
				40398F7516FAE088004F0BD7 /* NCCWLFormatter.h */,
				40398F7616FAE088004F0BD7 /* NCCWLFormatter.m */,
				40398F7716FAE088004F0BD7 /* NCCWLLogger.h */,
				40398F7816FAE088004F0BD7 /* NCCWLLogger.m */,
				40398F7916FAE088004F0BD7 /* NCCWL.h */,
				40398F7A16FAE088004F0BD7 /* NCCWL.m */,
			);
			name = NCCWL;
			sourceTree = "<group>";
		};
		8D07A7A750E61D4217C75890 /* Pods */ = {
			isa = PBXGroup;
			children = (
				266E7469288D957994273728 /* Pods-test.debug.xcconfig */,
				B7EDE4D220AD05B3E0A2BBBD /* Pods-test.release.xcconfig */,
			);
			name = Pods;
			sourceTree = "<group>";
		};
/* End PBXGroup section */

/* Begin PBXNativeTarget section */
		4057A09516EF2EE50017628E /* test */ = {
			isa = PBXNativeTarget;
			buildConfigurationList = 4057A0B916EF2EE50017628E /* Build configuration list for PBXNativeTarget "test" */;
			buildPhases = (
				1E86721752EE145CFB3891C8 /* [CP] Check Pods Manifest.lock */,
				4057A09216EF2EE50017628E /* Sources */,
				4057A09316EF2EE50017628E /* Frameworks */,
				4057A09416EF2EE50017628E /* Resources */,
				870E5C44DE14F92523F226BA /* [CP] Embed Pods Frameworks */,
				3DA9037430A70AABDC834E3B /* [CP] Copy Pods Resources */,
			);
			buildRules = (
			);
			dependencies = (
			);
			name = test;
			productName = test;
			productReference = 4057A09616EF2EE50017628E /* test.app */;
			productType = "com.apple.product-type.application";
		};
/* End PBXNativeTarget section */

/* Begin PBXProject section */
		4057A08E16EF2EE50017628E /* Project object */ = {
			isa = PBXProject;
			attributes = {
				LastUpgradeCheck = 0710;
				ORGANIZATIONNAME = NC;
				TargetAttributes = {
					4057A09516EF2EE50017628E = {
						DevelopmentTeam = P5BW7D9AQ3;
					};
				};
			};
			buildConfigurationList = 4057A09116EF2EE50017628E /* Build configuration list for PBXProject "test" */;
			compatibilityVersion = "Xcode 3.2";
			developmentRegion = English;
			hasScannedForEncodings = 0;
			knownRegions = (
				en,
			);
			mainGroup = 4057A08D16EF2EE50017628E;
			productRefGroup = 4057A09716EF2EE50017628E /* Products */;
			projectDirPath = "";
			projectRoot = "";
			targets = (
				4057A09516EF2EE50017628E /* test */,
			);
		};
/* End PBXProject section */

/* Begin PBXResourcesBuildPhase section */
		4057A09416EF2EE50017628E /* Resources */ = {
			isa = PBXResourcesBuildPhase;
			buildActionMask = 2147483647;
			files = (
				4057A0A416EF2EE50017628E /* InfoPlist.strings in Resources */,
				4057A0AC16EF2EE50017628E /* Default.png in Resources */,
				4057A0AE16EF2EE50017628E /* Default@2x.png in Resources */,
				4057A0B016EF2EE50017628E /* Default-568h@2x.png in Resources */,
				4057A0B616EF2EE50017628E /* ViewController.xib in Resources */,
			);
			runOnlyForDeploymentPostprocessing = 0;
		};
/* End PBXResourcesBuildPhase section */

/* Begin PBXShellScriptBuildPhase section */
		1E86721752EE145CFB3891C8 /* [CP] Check Pods Manifest.lock */ = {
			isa = PBXShellScriptBuildPhase;
			buildActionMask = 2147483647;
			files = (
			);
			inputPaths = (
			);
			name = "[CP] Check Pods Manifest.lock";
			outputPaths = (
			);
			runOnlyForDeploymentPostprocessing = 0;
			shellPath = /bin/sh;
			shellScript = "diff \"${PODS_PODFILE_DIR_PATH}/Podfile.lock\" \"${PODS_ROOT}/Manifest.lock\" > /dev/null\nif [ $? != 0 ] ; then\n    # print error to STDERR\n    echo \"error: The sandbox is not in sync with the Podfile.lock. Run 'pod install' or update your CocoaPods installation.\" >&2\n    exit 1\nfi\n";
			showEnvVarsInLog = 0;
		};
		3DA9037430A70AABDC834E3B /* [CP] Copy Pods Resources */ = {
			isa = PBXShellScriptBuildPhase;
			buildActionMask = 2147483647;
			files = (
			);
			inputPaths = (
			);
			name = "[CP] Copy Pods Resources";
			outputPaths = (
			);
			runOnlyForDeploymentPostprocessing = 0;
			shellPath = /bin/sh;
			shellScript = "\"${SRCROOT}/Pods/Target Support Files/Pods-test/Pods-test-resources.sh\"\n";
			showEnvVarsInLog = 0;
		};
		870E5C44DE14F92523F226BA /* [CP] Embed Pods Frameworks */ = {
			isa = PBXShellScriptBuildPhase;
			buildActionMask = 2147483647;
			files = (
			);
			inputPaths = (
			);
			name = "[CP] Embed Pods Frameworks";
			outputPaths = (
			);
			runOnlyForDeploymentPostprocessing = 0;
			shellPath = /bin/sh;
			shellScript = "\"${SRCROOT}/Pods/Target Support Files/Pods-test/Pods-test-frameworks.sh\"\n";
			showEnvVarsInLog = 0;
		};
/* End PBXShellScriptBuildPhase section */

/* Begin PBXSourcesBuildPhase section */
		4057A09216EF2EE50017628E /* Sources */ = {
			isa = PBXSourcesBuildPhase;
			buildActionMask = 2147483647;
			files = (
				4057A0A616EF2EE50017628E /* main.m in Sources */,
				4057A0AA16EF2EE50017628E /* AppDelegate.m in Sources */,
				4057A0B316EF2EE50017628E /* ViewController.m in Sources */,
				40398F7B16FAE088004F0BD7 /* NCCWLFormatter.m in Sources */,
				40398F7C16FAE088004F0BD7 /* NCCWLLogger.m in Sources */,
				40398F7D16FAE088004F0BD7 /* NCCWL.m in Sources */,
			);
			runOnlyForDeploymentPostprocessing = 0;
		};
/* End PBXSourcesBuildPhase section */

/* Begin PBXVariantGroup section */
		4057A0A216EF2EE50017628E /* InfoPlist.strings */ = {
			isa = PBXVariantGroup;
			children = (
				4057A0A316EF2EE50017628E /* en */,
			);
			name = InfoPlist.strings;
			sourceTree = "<group>";
		};
		4057A0B416EF2EE50017628E /* ViewController.xib */ = {
			isa = PBXVariantGroup;
			children = (
				4057A0B516EF2EE50017628E /* en */,
			);
			name = ViewController.xib;
			sourceTree = "<group>";
		};
/* End PBXVariantGroup section */

/* Begin XCBuildConfiguration section */
		4057A0B716EF2EE50017628E /* Debug */ = {
			isa = XCBuildConfiguration;
			buildSettings = {
				ALWAYS_SEARCH_USER_PATHS = NO;
				CLANG_CXX_LANGUAGE_STANDARD = "gnu++0x";
				CLANG_CXX_LIBRARY = "libc++";
				CLANG_ENABLE_OBJC_ARC = YES;
				CLANG_WARN_CONSTANT_CONVERSION = YES;
				CLANG_WARN_EMPTY_BODY = YES;
				CLANG_WARN_ENUM_CONVERSION = YES;
				CLANG_WARN_INT_CONVERSION = YES;
				CLANG_WARN__DUPLICATE_METHOD_MATCH = YES;
				"CODE_SIGN_IDENTITY[sdk=iphoneos*]" = "iPhone Developer";
				COPY_PHASE_STRIP = NO;
				ENABLE_TESTABILITY = YES;
				GCC_C_LANGUAGE_STANDARD = gnu99;
				GCC_DYNAMIC_NO_PIC = NO;
				GCC_OPTIMIZATION_LEVEL = 0;
				GCC_PREPROCESSOR_DEFINITIONS = (
					"DEBUG=1",
					"$(inherited)",
				);
				GCC_SYMBOLS_PRIVATE_EXTERN = NO;
				GCC_WARN_ABOUT_RETURN_TYPE = YES;
				GCC_WARN_UNINITIALIZED_AUTOS = YES;
				GCC_WARN_UNUSED_VARIABLE = YES;
				IPHONEOS_DEPLOYMENT_TARGET = 9.0;
				ONLY_ACTIVE_ARCH = YES;
				SDKROOT = iphoneos;
			};
			name = Debug;
		};
		4057A0B816EF2EE50017628E /* Release */ = {
			isa = XCBuildConfiguration;
			buildSettings = {
				ALWAYS_SEARCH_USER_PATHS = NO;
				CLANG_CXX_LANGUAGE_STANDARD = "gnu++0x";
				CLANG_CXX_LIBRARY = "libc++";
				CLANG_ENABLE_OBJC_ARC = YES;
				CLANG_WARN_CONSTANT_CONVERSION = YES;
				CLANG_WARN_EMPTY_BODY = YES;
				CLANG_WARN_ENUM_CONVERSION = YES;
				CLANG_WARN_INT_CONVERSION = YES;
				CLANG_WARN__DUPLICATE_METHOD_MATCH = YES;
				"CODE_SIGN_IDENTITY[sdk=iphoneos*]" = "iPhone Developer";
				COPY_PHASE_STRIP = YES;
				GCC_C_LANGUAGE_STANDARD = gnu99;
				GCC_WARN_ABOUT_RETURN_TYPE = YES;
				GCC_WARN_UNINITIALIZED_AUTOS = YES;
				GCC_WARN_UNUSED_VARIABLE = YES;
				IPHONEOS_DEPLOYMENT_TARGET = 9.0;
				OTHER_CFLAGS = "-DNS_BLOCK_ASSERTIONS=1";
				SDKROOT = iphoneos;
				VALIDATE_PRODUCT = YES;
			};
			name = Release;
		};
		4057A0BA16EF2EE50017628E /* Debug */ = {
			isa = XCBuildConfiguration;
			baseConfigurationReference = 266E7469288D957994273728 /* Pods-test.debug.xcconfig */;
			buildSettings = {
				DEVELOPMENT_TEAM = P5BW7D9AQ3;
				FRAMEWORK_SEARCH_PATHS = "$(inherited)";
				GCC_PRECOMPILE_PREFIX_HEADER = YES;
				GCC_PREFIX_HEADER = "test/test-Prefix.pch";
				HEADER_SEARCH_PATHS = "$(inherited)";
				INFOPLIST_FILE = "test/test-Info.plist";
				PRODUCT_BUNDLE_IDENTIFIER = com.nickcheng.nccwltest;
				PRODUCT_NAME = "$(TARGET_NAME)";
				WRAPPER_EXTENSION = app;
			};
			name = Debug;
		};
		4057A0BB16EF2EE50017628E /* Release */ = {
			isa = XCBuildConfiguration;
			baseConfigurationReference = B7EDE4D220AD05B3E0A2BBBD /* Pods-test.release.xcconfig */;
			buildSettings = {
				DEVELOPMENT_TEAM = P5BW7D9AQ3;
				FRAMEWORK_SEARCH_PATHS = "$(inherited)";
				GCC_PRECOMPILE_PREFIX_HEADER = YES;
				GCC_PREFIX_HEADER = "test/test-Prefix.pch";
				HEADER_SEARCH_PATHS = "$(inherited)";
				INFOPLIST_FILE = "test/test-Info.plist";
				PRODUCT_BUNDLE_IDENTIFIER = com.nickcheng.nccwltest;
				PRODUCT_NAME = "$(TARGET_NAME)";
				WRAPPER_EXTENSION = app;
			};
			name = Release;
		};
/* End XCBuildConfiguration section */

/* Begin XCConfigurationList section */
		4057A09116EF2EE50017628E /* Build configuration list for PBXProject "test" */ = {
			isa = XCConfigurationList;
			buildConfigurations = (
				4057A0B716EF2EE50017628E /* Debug */,
				4057A0B816EF2EE50017628E /* Release */,
			);
			defaultConfigurationIsVisible = 0;
			defaultConfigurationName = Release;
		};
		4057A0B916EF2EE50017628E /* Build configuration list for PBXNativeTarget "test" */ = {
			isa = XCConfigurationList;
			buildConfigurations = (
				4057A0BA16EF2EE50017628E /* Debug */,
				4057A0BB16EF2EE50017628E /* Release */,
			);
			defaultConfigurationIsVisible = 0;
			defaultConfigurationName = Release;
		};
/* End XCConfigurationList section */
	};
	rootObject = 4057A08E16EF2EE50017628E /* Project object */;
}
